
Microsoft Visual Studio Solution File, Format Version 12.00
# Visual Studio Version 16
VisualStudioVersion = 16.0.28803.452
MinimumVisualStudioVersion = 10.0.40219.1
Project("{FAE04EC0-301F-11D3-BF4B-00C04F79EFBC}") = "SoloLearn", "SoloLearn.csproj", "{45F6870E-7E8B-4160-BF5F-336A7D13102B}"
EndProject
Global
	GlobalSection(SolutionConfigurationPlatforms) = preSolution
		Debug|Any CPU = Debug|Any CPU
		Release|Any CPU = Release|Any CPU
	EndGlobalSection
	GlobalSection(ProjectConfigurationPlatforms) = postSolution
		{45F6870E-7E8B-4160-BF5F-336A7D13102B}.Debug|Any CPU.ActiveCfg = Debug|Any CPU
		{45F6870E-7E8B-4160-BF5F-336A7D13102B}.Debug|Any CPU.Build.0 = Debug|Any CPU
		{45F6870E-7E8B-4160-BF5F-336A7D13102B}.Release|Any CPU.ActiveCfg = Release|Any CPU
		{45F6870E-7E8B-4160-BF5F-336A7D13102B}.Release|Any CPU.Build.0 = Release|Any CPU
	EndGlobalSection
	GlobalSection(SolutionProperties) = preSolution
		HideSolutionNode = FALSE
	EndGlobalSection
	GlobalSection(ExtensibilityGlobals) = postSolution
		SolutionGuid = {46DAEF18-2C5F-4DCB-8777-A7529AEC5863}
	EndGlobalSection
EndGlobal
